
Microsoft Visual Studio Solution File, Format Version 12.00
# Visual Studio Version 17
VisualStudioVersion = 17.0.31903.59
MinimumVisualStudioVersion = 10.0.40219.1
Project("{FAE04EC0-301F-11D3-BF4B-00C04F79EFBC}") = "Renamr.App", "src\Renamr.App\Renamr.App.csproj", "{8C36BED4-6348-4516-A9C6-EF0AF1F1FFE2}"
EndProject
Project("{2150E333-8FDC-42A3-9474-1A3956D46DE8}") = "src", "src", "{827E0CD3-B72D-47B6-A68D-7590B98EB39B}"
EndProject
Project("{FAE04EC0-301F-11D3-BF4B-00C04F79EFBC}") = "Renamr.Core", "src\Renamr.Core\Renamr.Core.csproj", "{723C95BF-EC12-4F4E-989F-4EDADBC7E9DF}"
EndProject
Project("{FAE04EC0-301F-11D3-BF4B-00C04F79EFBC}") = "Renamr.Services", "src\Renamr.Services\Renamr.Services.csproj", "{01B9F083-8EF5-4626-8BCD-3364E5935F72}"
EndProject
Project("{2150E333-8FDC-42A3-9474-1A3956D46DE8}") = "tests", "tests", "{0AB3BF05-4346-4AA6-1389-037BE0695223}"
EndProject
Project("{FAE04EC0-301F-11D3-BF4B-00C04F79EFBC}") = "Renamr.Tests", "tests\Renamr.Tests\Renamr.Tests.csproj", "{BF8DB700-E7F8-4B3F-AD2E-BC0BBE35CBCC}"
EndProject
Project("{FAE04EC0-301F-11D3-BF4B-00C04F79EFBC}") = "Renamr.Presentation", "src\Renamr.Presentation\Renamr.Presentation.csproj", "{5003D5FE-2EEC-41E4-8257-FCF43D9EFCBC}"
EndProject
Global
	GlobalSection(SolutionConfigurationPlatforms) = preSolution
		Debug|x64 = Debug|x64
		Debug|ARM64 = Debug|ARM64
		Release|x64 = Release|x64
		Release|ARM64 = Release|ARM64
	EndGlobalSection
	GlobalSection(ProjectConfigurationPlatforms) = postSolution
		{8C36BED4-6348-4516-A9C6-EF0AF1F1FFE2}.Debug|x64.ActiveCfg = Debug|x64
		{8C36BED4-6348-4516-A9C6-EF0AF1F1FFE2}.Debug|x64.Build.0 = Debug|x64
		{8C36BED4-6348-4516-A9C6-EF0AF1F1FFE2}.Debug|ARM64.ActiveCfg = Debug|ARM64
		{8C36BED4-6348-4516-A9C6-EF0AF1F1FFE2}.Debug|ARM64.Build.0 = Debug|ARM64
		{8C36BED4-6348-4516-A9C6-EF0AF1F1FFE2}.Release|x64.ActiveCfg = Release|x64
		{8C36BED4-6348-4516-A9C6-EF0AF1F1FFE2}.Release|x64.Build.0 = Release|x64
		{8C36BED4-6348-4516-A9C6-EF0AF1F1FFE2}.Release|ARM64.ActiveCfg = Release|ARM64
		{8C36BED4-6348-4516-A9C6-EF0AF1F1FFE2}.Release|ARM64.Build.0 = Release|ARM64
		{723C95BF-EC12-4F4E-989F-4EDADBC7E9DF}.Debug|x64.ActiveCfg = Debug|Any CPU
		{723C95BF-EC12-4F4E-989F-4EDADBC7E9DF}.Debug|x64.Build.0 = Debug|Any CPU
		{723C95BF-EC12-4F4E-989F-4EDADBC7E9DF}.Debug|ARM64.ActiveCfg = Debug|Any CPU
		{723C95BF-EC12-4F4E-989F-4EDADBC7E9DF}.Debug|ARM64.Build.0 = Debug|Any CPU
		{723C95BF-EC12-4F4E-989F-4EDADBC7E9DF}.Release|x64.ActiveCfg = Release|Any CPU
		{723C95BF-EC12-4F4E-989F-4EDADBC7E9DF}.Release|x64.Build.0 = Release|Any CPU
		{723C95BF-EC12-4F4E-989F-4EDADBC7E9DF}.Release|ARM64.ActiveCfg = Release|Any CPU
		{723C95BF-EC12-4F4E-989F-4EDADBC7E9DF}.Release|ARM64.Build.0 = Release|Any CPU
		{01B9F083-8EF5-4626-8BCD-3364E5935F72}.Debug|x64.ActiveCfg = Debug|Any CPU
		{01B9F083-8EF5-4626-8BCD-3364E5935F72}.Debug|x64.Build.0 = Debug|Any CPU
		{01B9F083-8EF5-4626-8BCD-3364E5935F72}.Debug|ARM64.ActiveCfg = Debug|Any CPU
		{01B9F083-8EF5-4626-8BCD-3364E5935F72}.Debug|ARM64.Build.0 = Debug|Any CPU
		{01B9F083-8EF5-4626-8BCD-3364E5935F72}.Release|x64.ActiveCfg = Release|Any CPU
		{01B9F083-8EF5-4626-8BCD-3364E5935F72}.Release|x64.Build.0 = Release|Any CPU
		{01B9F083-8EF5-4626-8BCD-3364E5935F72}.Release|ARM64.ActiveCfg = Release|Any CPU
		{01B9F083-8EF5-4626-8BCD-3364E5935F72}.Release|ARM64.Build.0 = Release|Any CPU
		{BF8DB700-E7F8-4B3F-AD2E-BC0BBE35CBCC}.Debug|x64.ActiveCfg = Debug|Any CPU
		{BF8DB700-E7F8-4B3F-AD2E-BC0BBE35CBCC}.Debug|x64.Build.0 = Debug|Any CPU
		{BF8DB700-E7F8-4B3F-AD2E-BC0BBE35CBCC}.Debug|ARM64.ActiveCfg = Debug|Any CPU
		{BF8DB700-E7F8-4B3F-AD2E-BC0BBE35CBCC}.Debug|ARM64.Build.0 = Debug|Any CPU
		{BF8DB700-E7F8-4B3F-AD2E-BC0BBE35CBCC}.Release|x64.ActiveCfg = Release|Any CPU
		{BF8DB700-E7F8-4B3F-AD2E-BC0BBE35CBCC}.Release|x64.Build.0 = Release|Any CPU
		{BF8DB700-E7F8-4B3F-AD2E-BC0BBE35CBCC}.Release|ARM64.ActiveCfg = Release|Any CPU
		{BF8DB700-E7F8-4B3F-AD2E-BC0BBE35CBCC}.Release|ARM64.Build.0 = Release|Any CPU
		{5003D5FE-2EEC-41E4-8257-FCF43D9EFCBC}.Debug|x64.ActiveCfg = Debug|Any CPU
		{5003D5FE-2EEC-41E4-8257-FCF43D9EFCBC}.Debug|x64.Build.0 = Debug|Any CPU
		{5003D5FE-2EEC-41E4-8257-FCF43D9EFCBC}.Debug|ARM64.ActiveCfg = Debug|Any CPU
		{5003D5FE-2EEC-41E4-8257-FCF43D9EFCBC}.Debug|ARM64.Build.0 = Debug|Any CPU
		{5003D5FE-2EEC-41E4-8257-FCF43D9EFCBC}.Release|x64.ActiveCfg = Release|Any CPU
		{5003D5FE-2EEC-41E4-8257-FCF43D9EFCBC}.Release|x64.Build.0 = Release|Any CPU
		{5003D5FE-2EEC-41E4-8257-FCF43D9EFCBC}.Release|ARM64.ActiveCfg = Release|Any CPU
		{5003D5FE-2EEC-41E4-8257-FCF43D9EFCBC}.Release|ARM64.Build.0 = Release|Any CPU
	EndGlobalSection
	GlobalSection(SolutionProperties) = preSolution
		HideSolutionNode = FALSE
	EndGlobalSection
	GlobalSection(NestedProjects) = preSolution
		{723C95BF-EC12-4F4E-989F-4EDADBC7E9DF} = {827E0CD3-B72D-47B6-A68D-7590B98EB39B}
		{01B9F083-8EF5-4626-8BCD-3364E5935F72} = {827E0CD3-B72D-47B6-A68D-7590B98EB39B}
		{BF8DB700-E7F8-4B3F-AD2E-BC0BBE35CBCC} = {0AB3BF05-4346-4AA6-1389-037BE0695223}
		{5003D5FE-2EEC-41E4-8257-FCF43D9EFCBC} = {827E0CD3-B72D-47B6-A68D-7590B98EB39B}
		{8C36BED4-6348-4516-A9C6-EF0AF1F1FFE2} = {827E0CD3-B72D-47B6-A68D-7590B98EB39B}
	EndGlobalSection
EndGlobal
